%{
  "acceptor_pool": {:hex, :acceptor_pool, "1.0.0", "43c20d2acae35f0c2bcd64f9d2bde267e459f0f3fd23dab26485bf518c281b21", [:rebar3], [], "hexpm", "0cbcd83fdc8b9ad2eee2067ef8b91a14858a5883cb7cd800e6fcd5803e158788"},
  "delta_crdt": {:hex, :delta_crdt, "0.6.4", "79d235eef82a58bb0cb668bc5b9558d2e65325ccb46b74045f20b36fd41671da", [:mix], [{:merkle_map, "~> 0.2.0", [hex: :merkle_map, repo: "hexpm", optional: false]}, {:telemetry, "~> 0.4 or ~> 1.0", [hex: :telemetry, repo: "hexpm", optional: false]}], "hexpm", "4a81f579c06aeeb625db54c6c109859a38aa00d837e3e7f8ac27b40cea34885a"},
  "erlog": {:git, "git@bitbucket.org:netboz/erlog_bbs.git", "7303bf170945dfbe25014bf2a6b1232c0563d8d4", [branch: "master"]},
  "gen_flow": {:hex, :gen_flow, "0.0.5", "2ff6abe3ed1c5c9bc41f81bf09364a3f63f96e4d378d45a2a2ddc4fc06f3484a", [:rebar3], [], "hexpm", "aa139c67942475a08b73d754587ffd4694ce92a149a26d16ddb16ebd6cc19eb4"},
  "gen_fsm_compat": {:hex, :gen_fsm_compat, "0.3.0", "5903549f67d595f58a7101154cbe0fdd46955fbfbe40813f1e53c23a970ff5f4", [:rebar3], [], "hexpm", "7153d11bad328933d4b24e663d8cec52874e14176c7fb392fa1ff768b17460d9"},
  "gen_state_machine": {:hex, :gen_state_machine, "2.1.0", "a38b0e53fad812d29ec149f0d354da5d1bc0d7222c3711f3a0bd5aa608b42992", [:mix], [], "hexpm", "ae367038808db25cee2f2c4b8d0531522ea587c4995eb6f96ee73410a60fa06b"},
  "goldrush": {:hex, :goldrush, "0.1.9", "f06e5d5f1277da5c413e84d5a2924174182fb108dabb39d5ec548b27424cd106", [:rebar3], [], "hexpm", "99cb4128cffcb3227581e5d4d803d5413fa643f4eb96523f77d9e6937d994ceb"},
  "gproc": {:git, "https://github.com/uwiger/gproc.git", "3452a1f750b986871e8fcf736a2a2ad8c32bc4e9", [branch: "uw-locks_leader"]},
  "horde": {:hex, :horde, "0.8.4", "7c428543656cd838771fe5903fbefbe2f6a30f6befae657ed1998e44662d2fc5", [:mix], [{:delta_crdt, "~> 0.6.2", [hex: :delta_crdt, repo: "hexpm", optional: false]}, {:libring, "~> 1.4", [hex: :libring, repo: "hexpm", optional: false]}, {:telemetry, "~> 0.4.0", [hex: :telemetry, repo: "hexpm", optional: false]}, {:telemetry_poller, "~> 0.5.0", [hex: :telemetry_poller, repo: "hexpm", optional: false]}], "hexpm", "0433f2e37a83a68b582290cc787f35b7fc891d8221fb9cc295429a199f92678f"},
  "lager": {:hex, :lager, "3.9.2", "4cab289120eb24964e3886bd22323cb5fefe4510c076992a23ad18cf85413d8c", [:rebar3], [{:goldrush, "0.1.9", [hex: :goldrush, repo: "hexpm", optional: false]}], "hexpm", "7f904d9e87a8cb7e66156ed31768d1c8e26eba1d54f4bc85b1aa4ac1f6340c28"},
  "lasp": {:hex, :lasp, "0.10.0", "e026f066effea385610b9add60768df456196859395ecfbd4758523a3a53f311", [:rebar3], [{:gen_flow, "0.0.5", [hex: :gen_flow, repo: "hexpm", optional: false]}, {:gen_fsm_compat, "0.3.0", [hex: :gen_fsm_compat, repo: "hexpm", optional: false]}, {:lager, "3.6.8", [hex: :lager, repo: "hexpm", optional: false]}, {:lasp_support, "~>0.0.3", [hex: :lasp_support, repo: "hexpm", optional: false]}, {:partisan, "4.1.0", [hex: :partisan, repo: "hexpm", optional: false]}, {:plumtree, "0.6.0", [hex: :plumtree, repo: "hexpm", optional: false]}, {:types, "0.1.8", [hex: :types, repo: "hexpm", optional: false]}], "hexpm", "3e7233495c74ff6adb61302cf21d6d8cea801d016d512bffbaf8ca54660ffa4d"},
  "lasp_support": {:hex, :lasp_support, "0.1.0", "a6d665138bd8c10555fe7a4a2a81a8a47079eae5ffc368d411de660eb7a66f04", [:rebar3], [], "hexpm", "d57a85ba77607bb097ce4b9dd233e29c98c4824468d1a7be06c9c6c15d8618f8"},
  "libring": {:hex, :libring, "1.5.0", "44313eb6862f5c9168594a061e9d5f556a9819da7c6444706a9e2da533396d70", [:mix], [], "hexpm", "04e843d4fdcff49a62d8e03778d17c6cb2a03fe2d14020d3825a1761b55bd6cc"},
  "locks": {:git, "https://github.com/uwiger/locks.git", "c67ebb36bf3aea33765b2c96163884cd94e66ef5", []},
  "merkle_map": {:hex, :merkle_map, "0.2.1", "01a88c87a6b9fb594c67c17ebaf047ee55ffa34e74297aa583ed87148006c4c8", [:mix], [], "hexpm", "fed4d143a5c8166eee4fa2b49564f3c4eace9cb252f0a82c1613bba905b2d04d"},
  "mix_erlang_tasks": {:hex, :mix_erlang_tasks, "0.1.0", "36819fec60b80689eb1380938675af215565a89320a9e29c72c70d97512e4649", [:mix], [], "hexpm", "95d2839c422c482a70c08a8702da8242f86b773f8ab6e8602a4eb72da8da04ed"},
  "partisan": {:hex, :partisan, "4.1.0", "51d3c1d6487bbb8f94d4fd313d03d93f1c0426350a3adf84cc3b3243b8ea204e", [:rebar3], [{:acceptor_pool, "1.0.0", [hex: :acceptor_pool, repo: "hexpm", optional: false]}, {:lager, "~> 3.5", [hex: :lager, repo: "hexpm", optional: false]}, {:types, "~> 0.1", [hex: :types, repo: "hexpm", optional: false]}, {:uuid, "~>1.7.5", [hex: :uuid_erl, repo: "hexpm", optional: false]}], "hexpm", "180254fcb76ee70450a9e1166ca7cbb0c3587a3e579f10ca2707cd130c935a30"},
  "plain_fsm": {:hex, :plain_fsm, "1.4.1", "47e9bf6ac9322fc7586fb6df8de7198391e93764571c75165f2c45b27acde1d0", [:rebar3], [], "hexpm", "6ce2e7efdcdc516eebced22a6ed2b1ab760f8275ee230f7c80b48dd32ae0da39"},
  "plumtree": {:hex, :plumtree, "0.6.0", "b347d5faa640419160cb9dbadf624123a6c0c66acf7886f36f3f6aeac99253fa", [:rebar3], [{:lager, "~>3.5", [hex: :lager, repo: "hexpm", optional: false]}, {:lasp_support, "~>0.1", [hex: :lasp_support, repo: "hexpm", optional: false]}, {:partisan, "~>4.1", [hex: :partisan, repo: "hexpm", optional: false]}], "hexpm", "12ebbbf22d0ecc10f50374ed8007693ff4e558838974e03e124c68ba87774b08"},
  "quickrand": {:hex, :quickrand, "1.7.5", "e3086a153eb13a057fc19192d05e2d4c6bb2bdbb55746a699beae9847ac17ca8", [:rebar3], [], "hexpm", "6a1da81fe098c0dfcfb55c5e35c20be430128e88bbfa03d18fcf9e0ee8e342d7"},
  "swarm": {:hex, :swarm, "3.4.0", "64f8b30055d74640d2186c66354b33b999438692a91be275bb89cdc7e401f448", [:mix], [{:gen_state_machine, "~> 2.0", [hex: :gen_state_machine, repo: "hexpm", optional: false]}, {:libring, "~> 1.0", [hex: :libring, repo: "hexpm", optional: false]}], "hexpm", "94884f84783fc1ba027aba8fe8a7dae4aad78c98e9f9c76667ec3471585c08c6"},
  "telemetry": {:hex, :telemetry, "0.4.3", "a06428a514bdbc63293cd9a6263aad00ddeb66f608163bdec7c8995784080818", [:rebar3], [], "hexpm", "eb72b8365ffda5bed68a620d1da88525e326cb82a75ee61354fc24b844768041"},
  "telemetry_poller": {:hex, :telemetry_poller, "0.5.1", "21071cc2e536810bac5628b935521ff3e28f0303e770951158c73eaaa01e962a", [:rebar3], [{:telemetry, "~> 0.4", [hex: :telemetry, repo: "hexpm", optional: false]}], "hexpm", "4cab72069210bc6e7a080cec9afffad1b33370149ed5d379b81c7c5f0c663fd4"},
  "types": {:hex, :types, "0.1.8", "5782b67231e8c174fe2835395e71e669fe0121076779d2a09f1c0d58ee0e2f13", [:rebar3], [], "hexpm", "04285239f4954c5ede56f78ed7778ede24e3f2e997f7b16402a167af0cc2658a"},
  "uuid": {:git, "https://github.com/avtobiff/erlang-uuid.git", "cb02a2039a9b29dd2eef0446039c9c6e164df9ef", [branch: "master"]},
  "zuuid": {:git, "https://gitlab.com/zxq9/zuuid.git", "804eba2e8c660a4a6380a820ffed0ae1462d800d", [branch: "master"]},
}
