%{
  "cf": {:hex, :cf, "0.2.2", "7f2913fff90abcabd0f489896cfeb0b0674f6c8df6c10b17a83175448029896c", [:rebar3], [], "hexpm", "48283b3019bc7fad56e7b23028a5da4d3e6cd598a553ab2a99a2153bf5f19b21"},
  "cowlib": {:hex, :cowlib, "2.11.0", "0b9ff9c346629256c42ebe1eeb769a83c6cb771a6ee5960bd110ab0b9b872063", [:make, :rebar3], [], "hexpm", "2b3e9da0b21c4565751a6d4901c20d1b4cc25cbb7fd50d91d2ab6dd287bc86a9"},
  "ctex": {:hex, :ctex, "0.1.0", "2e88454954d3490b49ad8e4440ebe785989a7a689e21e2064bacbb1cd78f21d2", [:mix], [{:cth_readable, "~> 1.4.0", [hex: :cth_readable, repo: "hexpm", optional: false]}], "hexpm", "a2b958621f53e9a4679ec186ae3a26bb0e619b76767ce41f45fde7895fa3c557"},
  "cth_readable": {:hex, :cth_readable, "1.4.9", "034fb69795f11061980ecb62b40ef51dc10d4ac115b98fdb2c0cc71d851fbf98", [:rebar3], [{:cf, "~>0.2.1", [hex: :cf, repo: "hexpm", optional: false]}], "hexpm", "b4c6ababdb046c5f2fbb3c22f030b4c5a679083956dcdd29c1df0cb30b18da24"},
  "emqtt": {:git, "https://github.com/emqx/emqtt.git", "25892ef48a979a9dfbd74d86133cb28cf11f3cf4", [branch: "master"]},
  "erlog": {:git, "git@bitbucket.org:netboz/erlog_bbs.git", "7303bf170945dfbe25014bf2a6b1232c0563d8d4", [branch: "master"]},
  "gen_state_machine": {:hex, :gen_state_machine, "2.1.0", "a38b0e53fad812d29ec149f0d354da5d1bc0d7222c3711f3a0bd5aa608b42992", [:mix], [], "hexpm", "ae367038808db25cee2f2c4b8d0531522ea587c4995eb6f96ee73410a60fa06b"},
  "getopt": {:hex, :getopt, "1.0.2", "33d9b44289fe7ad08627ddfe1d798e30b2da0033b51da1b3a2d64e72cd581d02", [:rebar3], [], "hexpm", "a0029aea4322fb82a61f6876a6d9c66dc9878b6cb61faa13df3187384fd4ea26"},
  "goldrush": {:hex, :goldrush, "0.1.9", "f06e5d5f1277da5c413e84d5a2924174182fb108dabb39d5ec548b27424cd106", [:rebar3], [], "hexpm", "99cb4128cffcb3227581e5d4d803d5413fa643f4eb96523f77d9e6937d994ceb"},
  "gproc": {:git, "https://github.com/uwiger/gproc.git", "3452a1f750b986871e8fcf736a2a2ad8c32bc4e9", [branch: "uw-locks_leader"]},
  "gun": {:git, "https://github.com/emqx/gun", "e1b5e14139e2a936ad6561bf960f70f1e80b81e2", [tag: "1.3.4"]},
  "lager": {:hex, :lager, "3.9.2", "4cab289120eb24964e3886bd22323cb5fefe4510c076992a23ad18cf85413d8c", [:rebar3], [{:goldrush, "0.1.9", [hex: :goldrush, repo: "hexpm", optional: false]}], "hexpm", "7f904d9e87a8cb7e66156ed31768d1c8e26eba1d54f4bc85b1aa4ac1f6340c28"},
  "libring": {:hex, :libring, "1.5.0", "44313eb6862f5c9168594a061e9d5f556a9819da7c6444706a9e2da533396d70", [:mix], [], "hexpm", "04e843d4fdcff49a62d8e03778d17c6cb2a03fe2d14020d3825a1761b55bd6cc"},
  "locks": {:git, "https://github.com/uwiger/locks.git", "c67ebb36bf3aea33765b2c96163884cd94e66ef5", []},
  "mix_erlang_tasks": {:hex, :mix_erlang_tasks, "0.1.0", "36819fec60b80689eb1380938675af215565a89320a9e29c72c70d97512e4649", [:mix], [], "hexpm", "95d2839c422c482a70c08a8702da8242f86b773f8ab6e8602a4eb72da8da04ed"},
  "plain_fsm": {:hex, :plain_fsm, "1.4.1", "47e9bf6ac9322fc7586fb6df8de7198391e93764571c75165f2c45b27acde1d0", [:rebar3], [], "hexpm", "6ce2e7efdcdc516eebced22a6ed2b1ab760f8275ee230f7c80b48dd32ae0da39"},
  "quicer": {:git, "https://github.com/emqx/quic.git", "348c08a3f5a3b90861906fb436ff0ced453adfa2", [tag: "0.0.8"]},
  "snabbkaffe": {:git, "https://github.com/kafka4beam/snabbkaffe.git", "2f2f6ad09b97e33ba66b195665cef17d04598abd", [tag: "0.13.0"]},
  "swarm": {:hex, :swarm, "3.4.0", "64f8b30055d74640d2186c66354b33b999438692a91be275bb89cdc7e401f448", [:mix], [{:gen_state_machine, "~> 2.0", [hex: :gen_state_machine, repo: "hexpm", optional: false]}, {:libring, "~> 1.0", [hex: :libring, repo: "hexpm", optional: false]}], "hexpm", "94884f84783fc1ba027aba8fe8a7dae4aad78c98e9f9c76667ec3471585c08c6"},
  "zuuid": {:git, "https://gitlab.com/zxq9/zuuid.git", "804eba2e8c660a4a6380a820ffed0ae1462d800d", [branch: "master"]},
}
