{"1.2.0",
[{<<"acceptor_pool">>,{pkg,<<"acceptor_pool">>,<<"1.0.0">>},2},
 {<<"cf">>,{pkg,<<"cf">>,<<"0.3.1">>},1},
 {<<"cowlib">>,{pkg,<<"cowlib">>,<<"2.11.0">>},1},
 {<<"emqtt">>,
  {git,"https://github.com/emqx/emqtt.git",
       {ref,"997879922c69ae1d3a713eeb0d362897d73d8489"}},
  0},
 {<<"eredis">>,{pkg,<<"eredis">>,<<"1.7.0">>},0},
 {<<"erleans">>,
  {git,"https://github.com/erleans/erleans.git",
       {ref,"ecccf9e900f23660847bd63555b54478e9a00530"}},
  0},
 {<<"erlog">>,
  {git,"https://gitlab.com/yan.guiborat1/erlog_bbs.git",
       {ref,"7303bf170945dfbe25014bf2a6b1232c0563d8d4"}},
  0},
 {<<"erlware_commons">>,
  {git,"https://github.com/erlware/erlware_commons.git",
       {ref,"ad559ae1f5f4cabdcc59899e20f4d3db78177574"}},
  0},
 {<<"gen_flow">>,{pkg,<<"gen_flow">>,<<"0.0.5">>},1},
 {<<"gen_fsm_compat">>,{pkg,<<"gen_fsm_compat">>,<<"0.3.0">>},1},
 {<<"getopt">>,{pkg,<<"getopt">>,<<"1.0.2">>},1},
 {<<"goldrush">>,{pkg,<<"goldrush">>,<<"0.1.9">>},1},
 {<<"gproc">>,{pkg,<<"gproc">>,<<"0.8.0">>},1},
 {<<"gun">>,
  {git,"https://github.com/emqx/gun",
       {ref,"4faea40b9a8ca1eac5288355f8202e0cea379d50"}},
  1},
 {<<"lager">>,{pkg,<<"lager">>,<<"3.9.2">>},0},
 {<<"lasp">>,
  {git,"https://gitlab.com/yan.guiborat1/lasp.git",
       {ref,"dfdfe025cb51ae45d28f39f0425b3b3b902541d8"}},
  0},
 {<<"lasp_pg">>,{pkg,<<"lasp_pg">>,<<"0.1.0">>},1},
 {<<"lasp_support">>,{pkg,<<"lasp_support">>,<<"0.0.3">>},1},
 {<<"opentelemetry_api">>,
  {git,"https://github.com/open-telemetry/opentelemetry-erlang-api.git",
       {ref,"48da6489cc45d59a42a7d9c68616144c10b36e3b"}},
  1},
 {<<"partisan">>,{pkg,<<"partisan">>,<<"4.1.0">>},1},
 {<<"plumtree">>,{pkg,<<"plumtree">>,<<"0.6.0">>},1},
 {<<"quickrand">>,
  {git,"https://github.com/okeuday/quickrand.git",
       {ref,"21b4afa206edfe16baa50d74661d9585dd2e60eb"}},
  0},
 {<<"sbroker">>,{pkg,<<"sbroker">>,<<"1.0.0">>},1},
 {<<"time_compat">>,{pkg,<<"time_compat">>,<<"0.0.1">>},2},
 {<<"types">>,{pkg,<<"types">>,<<"0.1.8">>},1},
 {<<"uuid">>,
  {git,"https://github.com/okeuday/uuid.git",
       {ref,"9a3d8f742981900fa276ec3331de1ba7fd545bb2"}},
  0}]}.
[
{pkg_hash,[
 {<<"acceptor_pool">>, <<"43C20D2ACAE35F0C2BCD64F9D2BDE267E459F0F3FD23DAB26485BF518C281B21">>},
 {<<"cf">>, <<"5CB902239476E141EA70A740340233782D363A31EEA8AD37049561542E6CD641">>},
 {<<"cowlib">>, <<"0B9FF9C346629256C42EBE1EEB769A83C6CB771A6EE5960BD110AB0B9B872063">>},
 {<<"eredis">>, <<"7A9B2B51ECDE73AF3399B344C6C7FA5141E6C77DF5FACE86E41E8365A1E5B08F">>},
 {<<"gen_flow">>, <<"2FF6ABE3ED1C5C9BC41F81BF09364A3F63F96E4D378D45A2A2DDC4FC06F3484A">>},
 {<<"gen_fsm_compat">>, <<"5903549F67D595F58A7101154CBE0FDD46955FBFBE40813F1E53C23A970FF5F4">>},
 {<<"getopt">>, <<"33D9B44289FE7AD08627DDFE1D798E30B2DA0033B51DA1B3A2D64E72CD581D02">>},
 {<<"goldrush">>, <<"F06E5D5F1277DA5C413E84D5A2924174182FB108DABB39D5EC548B27424CD106">>},
 {<<"gproc">>, <<"CEA02C578589C61E5341FCE149EA36CCEF236CC2ECAC8691FBA408E7EA77EC2F">>},
 {<<"lager">>, <<"4CAB289120EB24964E3886BD22323CB5FEFE4510C076992A23AD18CF85413D8C">>},
 {<<"lasp_pg">>, <<"94B1B99F016A92B54BC4DA7FA5C202C72AC2DEDAE4BA21488C86F88B1C992020">>},
 {<<"lasp_support">>, <<"C1B7E1A472037AE82C71D2D16A10B7D644A621B66AE5AFE834CECF170F2E9169">>},
 {<<"partisan">>, <<"51D3C1D6487BBB8F94D4FD313D03D93F1C0426350A3ADF84CC3B3243B8EA204E">>},
 {<<"plumtree">>, <<"B347D5FAA640419160CB9DBADF624123A6C0C66ACF7886F36F3F6AEAC99253FA">>},
 {<<"sbroker">>, <<"28FF1B5E58887C5098539F236307B36FE1D3EDAA2ACFF9D6A3D17C2DCAFEBBD0">>},
 {<<"time_compat">>, <<"23FE0AD1FDF3B5B88821B2D04B4B5E865BF587AE66056D671FE0F53514ED8139">>},
 {<<"types">>, <<"5782B67231E8C174FE2835395E71E669FE0121076779D2A09F1C0D58EE0E2F13">>}]},
{pkg_hash_ext,[
 {<<"acceptor_pool">>, <<"0CBCD83FDC8B9AD2EEE2067EF8B91A14858A5883CB7CD800E6FCD5803E158788">>},
 {<<"cf">>, <<"315E8D447D3A4B02BCDBFA397AD03BBB988A6E0AA6F44D3ADD0F4E3C3BF97672">>},
 {<<"cowlib">>, <<"2B3E9DA0B21C4565751A6D4901C20D1B4CC25CBB7FD50D91D2AB6DD287BC86A9">>},
 {<<"eredis">>, <<"A49E7B11A2E1DF91EC3DA565DBD1A9530C95A5AC03127D3810D735F9EABF6F2E">>},
 {<<"gen_flow">>, <<"AA139C67942475A08B73D754587FFD4694CE92A149A26D16DDB16EBD6CC19EB4">>},
 {<<"gen_fsm_compat">>, <<"7153D11BAD328933D4B24E663D8CEC52874E14176C7FB392FA1FF768B17460D9">>},
 {<<"getopt">>, <<"A0029AEA4322FB82A61F6876A6D9C66DC9878B6CB61FAA13DF3187384FD4EA26">>},
 {<<"goldrush">>, <<"99CB4128CFFCB3227581E5D4D803D5413FA643F4EB96523F77D9E6937D994CEB">>},
 {<<"gproc">>, <<"580ADAFA56463B75263EF5A5DF4C86AF321F68694E7786CB057FD805D1E2A7DE">>},
 {<<"lager">>, <<"7F904D9E87A8CB7E66156ED31768D1C8E26EBA1D54F4BC85B1AA4AC1F6340C28">>},
 {<<"lasp_pg">>, <<"5D3F55B1E08D12517EC776B8DC75CE85CADE1428B1CECD7F0B67B6A11187A955">>},
 {<<"lasp_support">>, <<"4C8EF19BBF947D9674FAFB2F4B4462CC9B3BB33B5CD4E0049826540EFEE96810">>},
 {<<"partisan">>, <<"180254FCB76EE70450A9E1166CA7CBB0C3587A3E579F10CA2707CD130C935A30">>},
 {<<"plumtree">>, <<"12EBBBF22D0ECC10F50374ED8007693FF4E558838974E03E124C68BA87774B08">>},
 {<<"sbroker">>, <<"BA952BFA35B374E1E5D84BC5F5EFE8360C6F99DC93B3118F714A9A2DFF6C9E19">>},
 {<<"time_compat">>, <<"161D6B38AC9EE5AE508C76428A55B10CE44DD27FB43AB9722F702867086829E8">>},
 {<<"types">>, <<"04285239F4954C5EDE56F78ED7778EDE24E3F2E997F7B16402A167AF0CC2658A">>}]}
].
