{"1.1.0",
[{<<"acceptor_pool">>,{pkg,<<"acceptor_pool">>,<<"1.0.0">>},1},
 {<<"chatterbox">>,{pkg,<<"ts_chatterbox">>,<<"0.9.1">>},1},
 {<<"ctx">>,{pkg,<<"ctx">>,<<"0.5.0">>},1},
 {<<"erlog">>,
  {git,"git@bitbucket.org:netboz/erlog_bbs.git",
       {ref,"732a35b95cb2e46c137074519e3bd71813039011"}},
  0},
 {<<"goldrush">>,{pkg,<<"goldrush">>,<<"0.1.9">>},1},
 {<<"gproc">>,
  {git,"https://github.com/uwiger/gproc.git",
       {ref,"3737f2b958a5908d7a3870046ae162c5b9bf971c"}},
  0},
 {<<"grpcbox">>,
  {git,"https://github.com/tsloughter/grpcbox.git",
       {ref,"8e8d5b12479532a036c1f2298a3604699246546d"}},
  0},
 {<<"hpack">>,{pkg,<<"hpack_erl">>,<<"0.2.3">>},2},
 {<<"lager">>,{pkg,<<"lager">>,<<"3.8.1">>},0},
 {<<"uuid">>,
  {git,"https://github.com/avtobiff/erlang-uuid.git",
       {ref,"cb02a2039a9b29dd2eef0446039c9c6e164df9ef"}},
  0},
 {<<"zuuid">>,
  {git,"https://gitlab.com/zxq9/zuuid.git",
       {ref,"804eba2e8c660a4a6380a820ffed0ae1462d800d"}},
  0}]}.
[
{pkg_hash,[
 {<<"acceptor_pool">>, <<"43C20D2ACAE35F0C2BCD64F9D2BDE267E459F0F3FD23DAB26485BF518C281B21">>},
 {<<"chatterbox">>, <<"843557EE729B04B3C1BDAC33FB162DAEFDBF4F7AE0AF0BDC055FB16E91E057E3">>},
 {<<"ctx">>, <<"78E0F16712E12D707A7F34277381B8E193D7C71EAA24D37330DC02477C09EDA5">>},
 {<<"goldrush">>, <<"F06E5D5F1277DA5C413E84D5A2924174182FB108DABB39D5EC548B27424CD106">>},
 {<<"hpack">>, <<"17670F83FF984AE6CD74B1C456EDDE906D27FF013740EE4D9EFAA4F1BF999633">>},
 {<<"lager">>, <<"652EDFFBBEFFDE78F12220E1C64F6F6BFB173A8738CE73AF6ED3B1723A71C5BD">>}]}
].
